
Microsoft Visual Studio Solution File, Format Version 12.00
# Visual Studio 2012
Project("{CC5FD16D-436D-48AD-A40C-5A424C6E3E79}") = "AzureCloudServiceMathAlgorithm", "AzureCloudServiceMathAlgorithm\AzureCloudServiceMathAlgorithm.ccproj", "{E0164C8B-F5EB-476E-BF0A-10601BA61968}"
EndProject
Project("{FAE04EC0-301F-11D3-BF4B-00C04F79EFBC}") = "MathAlgorithmWorker", "MathAlgorithmWorker\MathAlgorithmWorker.csproj", "{3D7B92D3-2FE5-4ECA-92C0-6B52F2AC8AAB}"
EndProject
Project("{FAE04EC0-301F-11D3-BF4B-00C04F79EFBC}") = "MathAlgorithm.Core", "MathAlgorithm.Core\MathAlgorithm.Core.csproj", "{9ABF1420-8421-4A23-8255-992CC20ECAB2}"
EndProject
Project("{FAE04EC0-301F-11D3-BF4B-00C04F79EFBC}") = "MathAlgorithm.BL", "MathAlgorithm.BL\MathAlgorithm.BL.csproj", "{DEAE29AE-98EE-451A-9D3C-90483A5C3EEA}"
EndProject
Global
	GlobalSection(SolutionConfigurationPlatforms) = preSolution
		Debug|Any CPU = Debug|Any CPU
		Release|Any CPU = Release|Any CPU
	EndGlobalSection
	GlobalSection(ProjectConfigurationPlatforms) = postSolution
		{E0164C8B-F5EB-476E-BF0A-10601BA61968}.Debug|Any CPU.ActiveCfg = Debug|Any CPU
		{E0164C8B-F5EB-476E-BF0A-10601BA61968}.Debug|Any CPU.Build.0 = Debug|Any CPU
		{E0164C8B-F5EB-476E-BF0A-10601BA61968}.Release|Any CPU.ActiveCfg = Release|Any CPU
		{E0164C8B-F5EB-476E-BF0A-10601BA61968}.Release|Any CPU.Build.0 = Release|Any CPU
		{3D7B92D3-2FE5-4ECA-92C0-6B52F2AC8AAB}.Debug|Any CPU.ActiveCfg = Debug|Any CPU
		{3D7B92D3-2FE5-4ECA-92C0-6B52F2AC8AAB}.Debug|Any CPU.Build.0 = Debug|Any CPU
		{3D7B92D3-2FE5-4ECA-92C0-6B52F2AC8AAB}.Release|Any CPU.ActiveCfg = Release|Any CPU
		{3D7B92D3-2FE5-4ECA-92C0-6B52F2AC8AAB}.Release|Any CPU.Build.0 = Release|Any CPU
		{9ABF1420-8421-4A23-8255-992CC20ECAB2}.Debug|Any CPU.ActiveCfg = Debug|Any CPU
		{9ABF1420-8421-4A23-8255-992CC20ECAB2}.Debug|Any CPU.Build.0 = Debug|Any CPU
		{9ABF1420-8421-4A23-8255-992CC20ECAB2}.Release|Any CPU.ActiveCfg = Release|Any CPU
		{9ABF1420-8421-4A23-8255-992CC20ECAB2}.Release|Any CPU.Build.0 = Release|Any CPU
		{DEAE29AE-98EE-451A-9D3C-90483A5C3EEA}.Debug|Any CPU.ActiveCfg = Debug|Any CPU
		{DEAE29AE-98EE-451A-9D3C-90483A5C3EEA}.Debug|Any CPU.Build.0 = Debug|Any CPU
		{DEAE29AE-98EE-451A-9D3C-90483A5C3EEA}.Release|Any CPU.ActiveCfg = Release|Any CPU
		{DEAE29AE-98EE-451A-9D3C-90483A5C3EEA}.Release|Any CPU.Build.0 = Release|Any CPU
	EndGlobalSection
	GlobalSection(SolutionProperties) = preSolution
		HideSolutionNode = FALSE
	EndGlobalSection
EndGlobal
