
Microsoft Visual Studio Solution File, Format Version 12.00
# Visual Studio 2012
Project("{CC5FD16D-436D-48AD-A40C-5A424C6E3E79}") = "Noonswoon.PerformanceLoggingSystem", "NoonswoonPerformanceLoggingSystem\Noonswoon.PerformanceLoggingSystem.ccproj", "{3F1C6759-D3FD-41BF-94B9-8341FB0340A6}"
EndProject
Project("{FAE04EC0-301F-11D3-BF4B-00C04F79EFBC}") = "Noonswoon.LoggingToDbWorkerRole", "LoggingToDbWorkerRole\Noonswoon.LoggingToDbWorkerRole.csproj", "{CCCDC0BA-D8DE-4E34-9BA6-936DAD63F02B}"
EndProject
Project("{FAE04EC0-301F-11D3-BF4B-00C04F79EFBC}") = "Noonswoon.Appender", "Noonswoon.MessageQueueAppender\Noonswoon.Appender.csproj", "{C2D34F5E-DBFF-40CC-AE2B-E50EC0AC36A9}"
EndProject
Project("{FAE04EC0-301F-11D3-BF4B-00C04F79EFBC}") = "Noonswoon.Test.Web", "Noonswoon.Test.Web\Noonswoon.Test.Web.csproj", "{2B8865EE-4460-4AF8-9A74-3FE8D60CFC2A}"
EndProject
Project("{2150E333-8FDC-42A3-9474-1A3956D46DE8}") = "shared", "shared", "{2C28DB17-79FE-4A3E-970D-6210A4899277}"
	ProjectSection(SolutionItems) = preProject
		shared\log4net.xml = shared\log4net.xml
	EndProjectSection
EndProject
Project("{FAE04EC0-301F-11D3-BF4B-00C04F79EFBC}") = "BeginningNHibernate", "BeginningNHibernate\BeginningNHibernate.csproj", "{203C914A-9B40-4D8D-B6F1-EF75FD375C7A}"
EndProject
Global
	GlobalSection(SolutionConfigurationPlatforms) = preSolution
		Debug|Any CPU = Debug|Any CPU
		Release|Any CPU = Release|Any CPU
	EndGlobalSection
	GlobalSection(ProjectConfigurationPlatforms) = postSolution
		{3F1C6759-D3FD-41BF-94B9-8341FB0340A6}.Debug|Any CPU.ActiveCfg = Debug|Any CPU
		{3F1C6759-D3FD-41BF-94B9-8341FB0340A6}.Debug|Any CPU.Build.0 = Debug|Any CPU
		{3F1C6759-D3FD-41BF-94B9-8341FB0340A6}.Release|Any CPU.ActiveCfg = Release|Any CPU
		{3F1C6759-D3FD-41BF-94B9-8341FB0340A6}.Release|Any CPU.Build.0 = Release|Any CPU
		{CCCDC0BA-D8DE-4E34-9BA6-936DAD63F02B}.Debug|Any CPU.ActiveCfg = Debug|Any CPU
		{CCCDC0BA-D8DE-4E34-9BA6-936DAD63F02B}.Debug|Any CPU.Build.0 = Debug|Any CPU
		{CCCDC0BA-D8DE-4E34-9BA6-936DAD63F02B}.Release|Any CPU.ActiveCfg = Release|Any CPU
		{CCCDC0BA-D8DE-4E34-9BA6-936DAD63F02B}.Release|Any CPU.Build.0 = Release|Any CPU
		{C2D34F5E-DBFF-40CC-AE2B-E50EC0AC36A9}.Debug|Any CPU.ActiveCfg = Debug|Any CPU
		{C2D34F5E-DBFF-40CC-AE2B-E50EC0AC36A9}.Debug|Any CPU.Build.0 = Debug|Any CPU
		{C2D34F5E-DBFF-40CC-AE2B-E50EC0AC36A9}.Release|Any CPU.ActiveCfg = Release|Any CPU
		{C2D34F5E-DBFF-40CC-AE2B-E50EC0AC36A9}.Release|Any CPU.Build.0 = Release|Any CPU
		{2B8865EE-4460-4AF8-9A74-3FE8D60CFC2A}.Debug|Any CPU.ActiveCfg = Debug|Any CPU
		{2B8865EE-4460-4AF8-9A74-3FE8D60CFC2A}.Debug|Any CPU.Build.0 = Debug|Any CPU
		{2B8865EE-4460-4AF8-9A74-3FE8D60CFC2A}.Release|Any CPU.ActiveCfg = Release|Any CPU
		{2B8865EE-4460-4AF8-9A74-3FE8D60CFC2A}.Release|Any CPU.Build.0 = Release|Any CPU
		{203C914A-9B40-4D8D-B6F1-EF75FD375C7A}.Debug|Any CPU.ActiveCfg = Debug|Any CPU
		{203C914A-9B40-4D8D-B6F1-EF75FD375C7A}.Debug|Any CPU.Build.0 = Debug|Any CPU
		{203C914A-9B40-4D8D-B6F1-EF75FD375C7A}.Release|Any CPU.ActiveCfg = Release|Any CPU
		{203C914A-9B40-4D8D-B6F1-EF75FD375C7A}.Release|Any CPU.Build.0 = Release|Any CPU
	EndGlobalSection
	GlobalSection(SolutionProperties) = preSolution
		HideSolutionNode = FALSE
	EndGlobalSection
EndGlobal
